
Microsoft Visual Studio Solution File, Format Version 12.00
# Visual Studio 2013
VisualStudioVersion = 12.0.30723.0
MinimumVisualStudioVersion = 10.0.40219.1
Project("{FAE04EC0-301F-11D3-BF4B-00C04F79EFBC}") = "DHWebAdmin", "DHWebAdmin\DHWebAdmin.csproj", "{67ED3EB3-DBDC-41AC-AE7B-B35154A3DAF3}"
EndProject
Project("{FAE04EC0-301F-11D3-BF4B-00C04F79EFBC}") = "DHGame.Utility", "DHGame.Utility\DHGame.Utility.csproj", "{6925AEB9-44E8-4FE3-A288-2420E5FA8466}"
EndProject
Project("{FAE04EC0-301F-11D3-BF4B-00C04F79EFBC}") = "DHGame.Logic", "DHGame.Logic\DHGame.Logic.csproj", "{D9056FFB-939A-4E24-A3FF-CCC1F93D55F6}"
EndProject
Project("{FAE04EC0-301F-11D3-BF4B-00C04F79EFBC}") = "DHGame.Data", "DHGame.Data\DHGame.Data.csproj", "{55E77A63-D12D-4012-A832-3DD33A5C1EF2}"
EndProject
Project("{FAE04EC0-301F-11D3-BF4B-00C04F79EFBC}") = "DHGame.Config", "DHGame.Config\DHGame.Config.csproj", "{8E40D8A2-6047-44B6-B261-78DFE4402BF1}"
EndProject
Project("{FAE04EC0-301F-11D3-BF4B-00C04F79EFBC}") = "DHGame.Enum", "DHGame.Enum\DHGame.Enum.csproj", "{455255C7-5103-455E-87DE-BC7A25C80E11}"
EndProject
Project("{FAE04EC0-301F-11D3-BF4B-00C04F79EFBC}") = "ConsoleTest", "ConsoleTest\ConsoleTest.csproj", "{F68E1C04-8384-4DA4-B8A7-1B08D996BA98}"
EndProject
Global
	GlobalSection(SolutionConfigurationPlatforms) = preSolution
		Debug|Any CPU = Debug|Any CPU
		Release|Any CPU = Release|Any CPU
	EndGlobalSection
	GlobalSection(ProjectConfigurationPlatforms) = postSolution
		{67ED3EB3-DBDC-41AC-AE7B-B35154A3DAF3}.Debug|Any CPU.ActiveCfg = Debug|Any CPU
		{67ED3EB3-DBDC-41AC-AE7B-B35154A3DAF3}.Debug|Any CPU.Build.0 = Debug|Any CPU
		{67ED3EB3-DBDC-41AC-AE7B-B35154A3DAF3}.Release|Any CPU.ActiveCfg = Release|Any CPU
		{67ED3EB3-DBDC-41AC-AE7B-B35154A3DAF3}.Release|Any CPU.Build.0 = Release|Any CPU
		{6925AEB9-44E8-4FE3-A288-2420E5FA8466}.Debug|Any CPU.ActiveCfg = Debug|Any CPU
		{6925AEB9-44E8-4FE3-A288-2420E5FA8466}.Debug|Any CPU.Build.0 = Debug|Any CPU
		{6925AEB9-44E8-4FE3-A288-2420E5FA8466}.Release|Any CPU.ActiveCfg = Release|Any CPU
		{6925AEB9-44E8-4FE3-A288-2420E5FA8466}.Release|Any CPU.Build.0 = Release|Any CPU
		{D9056FFB-939A-4E24-A3FF-CCC1F93D55F6}.Debug|Any CPU.ActiveCfg = Debug|Any CPU
		{D9056FFB-939A-4E24-A3FF-CCC1F93D55F6}.Debug|Any CPU.Build.0 = Debug|Any CPU
		{D9056FFB-939A-4E24-A3FF-CCC1F93D55F6}.Release|Any CPU.ActiveCfg = Release|Any CPU
		{D9056FFB-939A-4E24-A3FF-CCC1F93D55F6}.Release|Any CPU.Build.0 = Release|Any CPU
		{55E77A63-D12D-4012-A832-3DD33A5C1EF2}.Debug|Any CPU.ActiveCfg = Debug|Any CPU
		{55E77A63-D12D-4012-A832-3DD33A5C1EF2}.Debug|Any CPU.Build.0 = Debug|Any CPU
		{55E77A63-D12D-4012-A832-3DD33A5C1EF2}.Release|Any CPU.ActiveCfg = Release|Any CPU
		{55E77A63-D12D-4012-A832-3DD33A5C1EF2}.Release|Any CPU.Build.0 = Release|Any CPU
		{8E40D8A2-6047-44B6-B261-78DFE4402BF1}.Debug|Any CPU.ActiveCfg = Debug|Any CPU
		{8E40D8A2-6047-44B6-B261-78DFE4402BF1}.Debug|Any CPU.Build.0 = Debug|Any CPU
		{8E40D8A2-6047-44B6-B261-78DFE4402BF1}.Release|Any CPU.ActiveCfg = Release|Any CPU
		{8E40D8A2-6047-44B6-B261-78DFE4402BF1}.Release|Any CPU.Build.0 = Release|Any CPU
		{455255C7-5103-455E-87DE-BC7A25C80E11}.Debug|Any CPU.ActiveCfg = Debug|Any CPU
		{455255C7-5103-455E-87DE-BC7A25C80E11}.Debug|Any CPU.Build.0 = Debug|Any CPU
		{455255C7-5103-455E-87DE-BC7A25C80E11}.Release|Any CPU.ActiveCfg = Release|Any CPU
		{455255C7-5103-455E-87DE-BC7A25C80E11}.Release|Any CPU.Build.0 = Release|Any CPU
		{F68E1C04-8384-4DA4-B8A7-1B08D996BA98}.Debug|Any CPU.ActiveCfg = Debug|Any CPU
		{F68E1C04-8384-4DA4-B8A7-1B08D996BA98}.Debug|Any CPU.Build.0 = Debug|Any CPU
		{F68E1C04-8384-4DA4-B8A7-1B08D996BA98}.Release|Any CPU.ActiveCfg = Release|Any CPU
		{F68E1C04-8384-4DA4-B8A7-1B08D996BA98}.Release|Any CPU.Build.0 = Release|Any CPU
	EndGlobalSection
	GlobalSection(SolutionProperties) = preSolution
		HideSolutionNode = FALSE
	EndGlobalSection
EndGlobal
